// !$*UTF8*$!
{
	archiveVersion = 1;
	classes = {
	};
	objectVersion = 46;
	objects = {

/* Begin PBXBuildFile section */
		A7E6C2871ECE9C3400ED0B6E /* AppDelegate.swift in Sources */ = {isa = PBXBuildFile; fileRef = A7E6C2861ECE9C3400ED0B6E /* AppDelegate.swift */; };
		A7E6C2891ECE9C3400ED0B6E /* ViewController.swift in Sources */ = {isa = PBXBuildFile; fileRef = A7E6C2881ECE9C3400ED0B6E /* ViewController.swift */; };
		A7E6C28C1ECE9C3400ED0B6E /* Main.storyboard in Resources */ = {isa = PBXBuildFile; fileRef = A7E6C28A1ECE9C3400ED0B6E /* Main.storyboard */; };
		A7E6C28E1ECE9C3400ED0B6E /* Assets.xcassets in Resources */ = {isa = PBXBuildFile; fileRef = A7E6C28D1ECE9C3400ED0B6E /* Assets.xcassets */; };
		A7E6C2911ECE9C3400ED0B6E /* LaunchScreen.storyboard in Resources */ = {isa = PBXBuildFile; fileRef = A7E6C28F1ECE9C3400ED0B6E /* LaunchScreen.storyboard */; };
		A7E6C29C1ECE9C3400ED0B6E /* thingsTodoTests.swift in Sources */ = {isa = PBXBuildFile; fileRef = A7E6C29B1ECE9C3400ED0B6E /* thingsTodoTests.swift */; };
		A7E6C2A71ECE9C3400ED0B6E /* thingsTodoUITests.swift in Sources */ = {isa = PBXBuildFile; fileRef = A7E6C2A61ECE9C3400ED0B6E /* thingsTodoUITests.swift */; };
/* End PBXBuildFile section */

/* Begin PBXContainerItemProxy section */
		A7E6C2981ECE9C3400ED0B6E /* PBXContainerItemProxy */ = {
			isa = PBXContainerItemProxy;
			containerPortal = A7E6C27B1ECE9C3400ED0B6E /* Project object */;
			proxyType = 1;
			remoteGlobalIDString = A7E6C2821ECE9C3400ED0B6E;
			remoteInfo = thingsTodo;
		};
		A7E6C2A31ECE9C3400ED0B6E /* PBXContainerItemProxy */ = {
			isa = PBXContainerItemProxy;
			containerPortal = A7E6C27B1ECE9C3400ED0B6E /* Project object */;
			proxyType = 1;
			remoteGlobalIDString = A7E6C2821ECE9C3400ED0B6E;
			remoteInfo = thingsTodo;
		};
/* End PBXContainerItemProxy section */

/* Begin PBXFileReference section */
		A7E6C2831ECE9C3400ED0B6E /* thingsTodo.app */ = {isa = PBXFileReference; explicitFileType = wrapper.application; includeInIndex = 0; path = thingsTodo.app; sourceTree = BUILT_PRODUCTS_DIR; };
		A7E6C2861ECE9C3400ED0B6E /* AppDelegate.swift */ = {isa = PBXFileReference; lastKnownFileType = sourcecode.swift; path = AppDelegate.swift; sourceTree = "<group>"; };
		A7E6C2881ECE9C3400ED0B6E /* ViewController.swift */ = {isa = PBXFileReference; lastKnownFileType = sourcecode.swift; path = ViewController.swift; sourceTree = "<group>"; };
		A7E6C28B1ECE9C3400ED0B6E /* Base */ = {isa = PBXFileReference; lastKnownFileType = file.storyboard; name = Base; path = Base.lproj/Main.storyboard; sourceTree = "<group>"; };
		A7E6C28D1ECE9C3400ED0B6E /* Assets.xcassets */ = {isa = PBXFileReference; lastKnownFileType = folder.assetcatalog; path = Assets.xcassets; sourceTree = "<group>"; };
		A7E6C2901ECE9C3400ED0B6E /* Base */ = {isa = PBXFileReference; lastKnownFileType = file.storyboard; name = Base; path = Base.lproj/LaunchScreen.storyboard; sourceTree = "<group>"; };
		A7E6C2921ECE9C3400ED0B6E /* Info.plist */ = {isa = PBXFileReference; lastKnownFileType = text.plist.xml; path = Info.plist; sourceTree = "<group>"; };
		A7E6C2971ECE9C3400ED0B6E /* thingsTodoTests.xctest */ = {isa = PBXFileReference; explicitFileType = wrapper.cfbundle; includeInIndex = 0; path = thingsTodoTests.xctest; sourceTree = BUILT_PRODUCTS_DIR; };
		A7E6C29B1ECE9C3400ED0B6E /* thingsTodoTests.swift */ = {isa = PBXFileReference; lastKnownFileType = sourcecode.swift; path = thingsTodoTests.swift; sourceTree = "<group>"; };
		A7E6C29D1ECE9C3400ED0B6E /* Info.plist */ = {isa = PBXFileReference; lastKnownFileType = text.plist.xml; path = Info.plist; sourceTree = "<group>"; };
		A7E6C2A21ECE9C3400ED0B6E /* thingsTodoUITests.xctest */ = {isa = PBXFileReference; explicitFileType = wrapper.cfbundle; includeInIndex = 0; path = thingsTodoUITests.xctest; sourceTree = BUILT_PRODUCTS_DIR; };
		A7E6C2A61ECE9C3400ED0B6E /* thingsTodoUITests.swift */ = {isa = PBXFileReference; lastKnownFileType = sourcecode.swift; path = thingsTodoUITests.swift; sourceTree = "<group>"; };
		A7E6C2A81ECE9C3400ED0B6E /* Info.plist */ = {isa = PBXFileReference; lastKnownFileType = text.plist.xml; path = Info.plist; sourceTree = "<group>"; };
/* End PBXFileReference section */

/* Begin PBXFrameworksBuildPhase section */
		A7E6C2801ECE9C3400ED0B6E /* Frameworks */ = {
			isa = PBXFrameworksBuildPhase;
			buildActionMask = 2147483647;
			files = (
			);
			runOnlyForDeploymentPostprocessing = 0;
		};
		A7E6C2941ECE9C3400ED0B6E /* Frameworks */ = {
			isa = PBXFrameworksBuildPhase;
			buildActionMask = 2147483647;
			files = (
			);
			runOnlyForDeploymentPostprocessing = 0;
		};
		A7E6C29F1ECE9C3400ED0B6E /* Frameworks */ = {
			isa = PBXFrameworksBuildPhase;
			buildActionMask = 2147483647;
			files = (
			);
			runOnlyForDeploymentPostprocessing = 0;
		};
/* End PBXFrameworksBuildPhase section */

/* Begin PBXGroup section */
		A7E6C27A1ECE9C3400ED0B6E = {
			isa = PBXGroup;
			children = (
				A7E6C2851ECE9C3400ED0B6E /* thingsTodo */,
				A7E6C29A1ECE9C3400ED0B6E /* thingsTodoTests */,
				A7E6C2A51ECE9C3400ED0B6E /* thingsTodoUITests */,
				A7E6C2841ECE9C3400ED0B6E /* Products */,
			);
			sourceTree = "<group>";
		};
		A7E6C2841ECE9C3400ED0B6E /* Products */ = {
			isa = PBXGroup;
			children = (
				A7E6C2831ECE9C3400ED0B6E /* thingsTodo.app */,
				A7E6C2971ECE9C3400ED0B6E /* thingsTodoTests.xctest */,
				A7E6C2A21ECE9C3400ED0B6E /* thingsTodoUITests.xctest */,
			);
			name = Products;
			sourceTree = "<group>";
		};
		A7E6C2851ECE9C3400ED0B6E /* thingsTodo */ = {
			isa = PBXGroup;
			children = (
				A7E6C2861ECE9C3400ED0B6E /* AppDelegate.swift */,
				A7E6C2881ECE9C3400ED0B6E /* ViewController.swift */,
				A7E6C28A1ECE9C3400ED0B6E /* Main.storyboard */,
				A7E6C28D1ECE9C3400ED0B6E /* Assets.xcassets */,
				A7E6C28F1ECE9C3400ED0B6E /* LaunchScreen.storyboard */,
				A7E6C2921ECE9C3400ED0B6E /* Info.plist */,
			);
			path = thingsTodo;
			sourceTree = "<group>";
		};
		A7E6C29A1ECE9C3400ED0B6E /* thingsTodoTests */ = {
			isa = PBXGroup;
			children = (
				A7E6C29B1ECE9C3400ED0B6E /* thingsTodoTests.swift */,
				A7E6C29D1ECE9C3400ED0B6E /* Info.plist */,
			);
			path = thingsTodoTests;
			sourceTree = "<group>";
		};
		A7E6C2A51ECE9C3400ED0B6E /* thingsTodoUITests */ = {
			isa = PBXGroup;
			children = (
				A7E6C2A61ECE9C3400ED0B6E /* thingsTodoUITests.swift */,
				A7E6C2A81ECE9C3400ED0B6E /* Info.plist */,
			);
			path = thingsTodoUITests;
			sourceTree = "<group>";
		};
/* End PBXGroup section */

/* Begin PBXNativeTarget section */
		A7E6C2821ECE9C3400ED0B6E /* thingsTodo */ = {
			isa = PBXNativeTarget;
			buildConfigurationList = A7E6C2AB1ECE9C3400ED0B6E /* Build configuration list for PBXNativeTarget "thingsTodo" */;
			buildPhases = (
				A7E6C27F1ECE9C3400ED0B6E /* Sources */,
				A7E6C2801ECE9C3400ED0B6E /* Frameworks */,
				A7E6C2811ECE9C3400ED0B6E /* Resources */,
			);
			buildRules = (
			);
			dependencies = (
			);
			name = thingsTodo;
			productName = thingsTodo;
			productReference = A7E6C2831ECE9C3400ED0B6E /* thingsTodo.app */;
			productType = "com.apple.product-type.application";
		};
		A7E6C2961ECE9C3400ED0B6E /* thingsTodoTests */ = {
			isa = PBXNativeTarget;
			buildConfigurationList = A7E6C2AE1ECE9C3400ED0B6E /* Build configuration list for PBXNativeTarget "thingsTodoTests" */;
			buildPhases = (
				A7E6C2931ECE9C3400ED0B6E /* Sources */,
				A7E6C2941ECE9C3400ED0B6E /* Frameworks */,
				A7E6C2951ECE9C3400ED0B6E /* Resources */,
			);
			buildRules = (
			);
			dependencies = (
				A7E6C2991ECE9C3400ED0B6E /* PBXTargetDependency */,
			);
			name = thingsTodoTests;
			productName = thingsTodoTests;
			productReference = A7E6C2971ECE9C3400ED0B6E /* thingsTodoTests.xctest */;
			productType = "com.apple.product-type.bundle.unit-test";
		};
		A7E6C2A11ECE9C3400ED0B6E /* thingsTodoUITests */ = {
			isa = PBXNativeTarget;
			buildConfigurationList = A7E6C2B11ECE9C3400ED0B6E /* Build configuration list for PBXNativeTarget "thingsTodoUITests" */;
			buildPhases = (
				A7E6C29E1ECE9C3400ED0B6E /* Sources */,
				A7E6C29F1ECE9C3400ED0B6E /* Frameworks */,
				A7E6C2A01ECE9C3400ED0B6E /* Resources */,
			);
			buildRules = (
			);
			dependencies = (
				A7E6C2A41ECE9C3400ED0B6E /* PBXTargetDependency */,
			);
			name = thingsTodoUITests;
			productName = thingsTodoUITests;
			productReference = A7E6C2A21ECE9C3400ED0B6E /* thingsTodoUITests.xctest */;
			productType = "com.apple.product-type.bundle.ui-testing";
		};
/* End PBXNativeTarget section */

/* Begin PBXProject section */
		A7E6C27B1ECE9C3400ED0B6E /* Project object */ = {
			isa = PBXProject;
			attributes = {
				LastSwiftUpdateCheck = 0830;
				LastUpgradeCheck = 0830;
				ORGANIZATIONNAME = "Marcus L. Coates";
				TargetAttributes = {
					A7E6C2821ECE9C3400ED0B6E = {
						CreatedOnToolsVersion = 8.3.2;
						DevelopmentTeam = 4GS545936X;
						ProvisioningStyle = Automatic;
					};
					A7E6C2961ECE9C3400ED0B6E = {
						CreatedOnToolsVersion = 8.3.2;
						DevelopmentTeam = 4GS545936X;
						ProvisioningStyle = Automatic;
						TestTargetID = A7E6C2821ECE9C3400ED0B6E;
					};
					A7E6C2A11ECE9C3400ED0B6E = {
						CreatedOnToolsVersion = 8.3.2;
						DevelopmentTeam = 4GS545936X;
						ProvisioningStyle = Automatic;
						TestTargetID = A7E6C2821ECE9C3400ED0B6E;
					};
				};
			};
			buildConfigurationList = A7E6C27E1ECE9C3400ED0B6E /* Build configuration list for PBXProject "thingsTodo" */;
			compatibilityVersion = "Xcode 3.2";
			developmentRegion = English;
			hasScannedForEncodings = 0;
			knownRegions = (
				en,
				Base,
			);
			mainGroup = A7E6C27A1ECE9C3400ED0B6E;
			productRefGroup = A7E6C2841ECE9C3400ED0B6E /* Products */;
			projectDirPath = "";
			projectRoot = "";
			targets = (
				A7E6C2821ECE9C3400ED0B6E /* thingsTodo */,
				A7E6C2961ECE9C3400ED0B6E /* thingsTodoTests */,
				A7E6C2A11ECE9C3400ED0B6E /* thingsTodoUITests */,
			);
		};
/* End PBXProject section */

/* Begin PBXResourcesBuildPhase section */
		A7E6C2811ECE9C3400ED0B6E /* Resources */ = {
			isa = PBXResourcesBuildPhase;
			buildActionMask = 2147483647;
			files = (
				A7E6C2911ECE9C3400ED0B6E /* LaunchScreen.storyboard in Resources */,
				A7E6C28E1ECE9C3400ED0B6E /* Assets.xcassets in Resources */,
				A7E6C28C1ECE9C3400ED0B6E /* Main.storyboard in Resources */,
			);
			runOnlyForDeploymentPostprocessing = 0;
		};
		A7E6C2951ECE9C3400ED0B6E /* Resources */ = {
			isa = PBXResourcesBuildPhase;
			buildActionMask = 2147483647;
			files = (
			);
			runOnlyForDeploymentPostprocessing = 0;
		};
		A7E6C2A01ECE9C3400ED0B6E /* Resources */ = {
			isa = PBXResourcesBuildPhase;
			buildActionMask = 2147483647;
			files = (
			);
			runOnlyForDeploymentPostprocessing = 0;
		};
/* End PBXResourcesBuildPhase section */

/* Begin PBXSourcesBuildPhase section */
		A7E6C27F1ECE9C3400ED0B6E /* Sources */ = {
			isa = PBXSourcesBuildPhase;
			buildActionMask = 2147483647;
			files = (
				A7E6C2891ECE9C3400ED0B6E /* ViewController.swift in Sources */,
				A7E6C2871ECE9C3400ED0B6E /* AppDelegate.swift in Sources */,
			);
			runOnlyForDeploymentPostprocessing = 0;
		};
		A7E6C2931ECE9C3400ED0B6E /* Sources */ = {
			isa = PBXSourcesBuildPhase;
			buildActionMask = 2147483647;
			files = (
				A7E6C29C1ECE9C3400ED0B6E /* thingsTodoTests.swift in Sources */,
			);
			runOnlyForDeploymentPostprocessing = 0;
		};
		A7E6C29E1ECE9C3400ED0B6E /* Sources */ = {
			isa = PBXSourcesBuildPhase;
			buildActionMask = 2147483647;
			files = (
				A7E6C2A71ECE9C3400ED0B6E /* thingsTodoUITests.swift in Sources */,
			);
			runOnlyForDeploymentPostprocessing = 0;
		};
/* End PBXSourcesBuildPhase section */

/* Begin PBXTargetDependency section */
		A7E6C2991ECE9C3400ED0B6E /* PBXTargetDependency */ = {
			isa = PBXTargetDependency;
			target = A7E6C2821ECE9C3400ED0B6E /* thingsTodo */;
			targetProxy = A7E6C2981ECE9C3400ED0B6E /* PBXContainerItemProxy */;
		};
		A7E6C2A41ECE9C3400ED0B6E /* PBXTargetDependency */ = {
			isa = PBXTargetDependency;
			target = A7E6C2821ECE9C3400ED0B6E /* thingsTodo */;
			targetProxy = A7E6C2A31ECE9C3400ED0B6E /* PBXContainerItemProxy */;
		};
/* End PBXTargetDependency section */

/* Begin PBXVariantGroup section */
		A7E6C28A1ECE9C3400ED0B6E /* Main.storyboard */ = {
			isa = PBXVariantGroup;
			children = (
				A7E6C28B1ECE9C3400ED0B6E /* Base */,
			);
			name = Main.storyboard;
			sourceTree = "<group>";
		};
		A7E6C28F1ECE9C3400ED0B6E /* LaunchScreen.storyboard */ = {
			isa = PBXVariantGroup;
			children = (
				A7E6C2901ECE9C3400ED0B6E /* Base */,
			);
			name = LaunchScreen.storyboard;
			sourceTree = "<group>";
		};
/* End PBXVariantGroup section */

/* Begin XCBuildConfiguration section */
		A7E6C2A91ECE9C3400ED0B6E /* Debug */ = {
			isa = XCBuildConfiguration;
			buildSettings = {
				ALWAYS_SEARCH_USER_PATHS = NO;
				CLANG_ANALYZER_NONNULL = YES;
				CLANG_ANALYZER_NUMBER_OBJECT_CONVERSION = YES_AGGRESSIVE;
				CLANG_CXX_LANGUAGE_STANDARD = "gnu++0x";
				CLANG_CXX_LIBRARY = "libc++";
				CLANG_ENABLE_MODULES = YES;
				CLANG_ENABLE_OBJC_ARC = YES;
				CLANG_WARN_BOOL_CONVERSION = YES;
				CLANG_WARN_CONSTANT_CONVERSION = YES;
				CLANG_WARN_DIRECT_OBJC_ISA_USAGE = YES_ERROR;
				CLANG_WARN_DOCUMENTATION_COMMENTS = YES;
				CLANG_WARN_EMPTY_BODY = YES;
				CLANG_WARN_ENUM_CONVERSION = YES;
				CLANG_WARN_INFINITE_RECURSION = YES;
				CLANG_WARN_INT_CONVERSION = YES;
				CLANG_WARN_OBJC_ROOT_CLASS = YES_ERROR;
				CLANG_WARN_SUSPICIOUS_MOVE = YES;
				CLANG_WARN_UNREACHABLE_CODE = YES;
				CLANG_WARN__DUPLICATE_METHOD_MATCH = YES;
				"CODE_SIGN_IDENTITY[sdk=iphoneos*]" = "iPhone Developer";
				COPY_PHASE_STRIP = NO;
				DEBUG_INFORMATION_FORMAT = dwarf;
				ENABLE_STRICT_OBJC_MSGSEND = YES;
				ENABLE_TESTABILITY = YES;
				GCC_C_LANGUAGE_STANDARD = gnu99;
				GCC_DYNAMIC_NO_PIC = NO;
				GCC_NO_COMMON_BLOCKS = YES;
				GCC_OPTIMIZATION_LEVEL = 0;
				GCC_PREPROCESSOR_DEFINITIONS = (
					"DEBUG=1",
					"$(inherited)",
				);
				GCC_WARN_64_TO_32_BIT_CONVERSION = YES;
				GCC_WARN_ABOUT_RETURN_TYPE = YES_ERROR;
				GCC_WARN_UNDECLARED_SELECTOR = YES;
				GCC_WARN_UNINITIALIZED_AUTOS = YES_AGGRESSIVE;
				GCC_WARN_UNUSED_FUNCTION = YES;
				GCC_WARN_UNUSED_VARIABLE = YES;
				IPHONEOS_DEPLOYMENT_TARGET = 10.3;
				MTL_ENABLE_DEBUG_INFO = YES;
				ONLY_ACTIVE_ARCH = YES;
				SDKROOT = iphoneos;
				SWIFT_ACTIVE_COMPILATION_CONDITIONS = DEBUG;
				SWIFT_OPTIMIZATION_LEVEL = "-Onone";
			};
			name = Debug;
		};
		A7E6C2AA1ECE9C3400ED0B6E /* Release */ = {
			isa = XCBuildConfiguration;
			buildSettings = {
				ALWAYS_SEARCH_USER_PATHS = NO;
				CLANG_ANALYZER_NONNULL = YES;
				CLANG_ANALYZER_NUMBER_OBJECT_CONVERSION = YES_AGGRESSIVE;
				CLANG_CXX_LANGUAGE_STANDARD = "gnu++0x";
				CLANG_CXX_LIBRARY = "libc++";
				CLANG_ENABLE_MODULES = YES;
				CLANG_ENABLE_OBJC_ARC = YES;
				CLANG_WARN_BOOL_CONVERSION = YES;
				CLANG_WARN_CONSTANT_CONVERSION = YES;
				CLANG_WARN_DIRECT_OBJC_ISA_USAGE = YES_ERROR;
				CLANG_WARN_DOCUMENTATION_COMMENTS = YES;
				CLANG_WARN_EMPTY_BODY = YES;
				CLANG_WARN_ENUM_CONVERSION = YES;
				CLANG_WARN_INFINITE_RECURSION = YES;
				CLANG_WARN_INT_CONVERSION = YES;
				CLANG_WARN_OBJC_ROOT_CLASS = YES_ERROR;
				CLANG_WARN_SUSPICIOUS_MOVE = YES;
				CLANG_WARN_UNREACHABLE_CODE = YES;
				CLANG_WARN__DUPLICATE_METHOD_MATCH = YES;
				"CODE_SIGN_IDENTITY[sdk=iphoneos*]" = "iPhone Developer";
				COPY_PHASE_STRIP = NO;
				DEBUG_INFORMATION_FORMAT = "dwarf-with-dsym";
				ENABLE_NS_ASSERTIONS = NO;
				ENABLE_STRICT_OBJC_MSGSEND = YES;
				GCC_C_LANGUAGE_STANDARD = gnu99;
				GCC_NO_COMMON_BLOCKS = YES;
				GCC_WARN_64_TO_32_BIT_CONVERSION = YES;
				GCC_WARN_ABOUT_RETURN_TYPE = YES_ERROR;
				GCC_WARN_UNDECLARED_SELECTOR = YES;
				GCC_WARN_UNINITIALIZED_AUTOS = YES_AGGRESSIVE;
				GCC_WARN_UNUSED_FUNCTION = YES;
				GCC_WARN_UNUSED_VARIABLE = YES;
				IPHONEOS_DEPLOYMENT_TARGET = 10.3;
				MTL_ENABLE_DEBUG_INFO = NO;
				SDKROOT = iphoneos;
				SWIFT_OPTIMIZATION_LEVEL = "-Owholemodule";
				VALIDATE_PRODUCT = YES;
			};
			name = Release;
		};
		A7E6C2AC1ECE9C3400ED0B6E /* Debug */ = {
			isa = XCBuildConfiguration;
			buildSettings = {
				ASSETCATALOG_COMPILER_APPICON_NAME = AppIcon;
				DEVELOPMENT_TEAM = 4GS545936X;
				INFOPLIST_FILE = thingsTodo/Info.plist;
				LD_RUNPATH_SEARCH_PATHS = "$(inherited) @executable_path/Frameworks";
				PRODUCT_BUNDLE_IDENTIFIER = com.greenworks.thingsTodo;
				PRODUCT_NAME = "$(TARGET_NAME)";
				SWIFT_VERSION = 3.0;
			};
			name = Debug;
		};
		A7E6C2AD1ECE9C3400ED0B6E /* Release */ = {
			isa = XCBuildConfiguration;
			buildSettings = {
				ASSETCATALOG_COMPILER_APPICON_NAME = AppIcon;
				DEVELOPMENT_TEAM = 4GS545936X;
				INFOPLIST_FILE = thingsTodo/Info.plist;
				LD_RUNPATH_SEARCH_PATHS = "$(inherited) @executable_path/Frameworks";
				PRODUCT_BUNDLE_IDENTIFIER = com.greenworks.thingsTodo;
				PRODUCT_NAME = "$(TARGET_NAME)";
				SWIFT_VERSION = 3.0;
			};
			name = Release;
		};
		A7E6C2AF1ECE9C3400ED0B6E /* Debug */ = {
			isa = XCBuildConfiguration;
			buildSettings = {
				ALWAYS_EMBED_SWIFT_STANDARD_LIBRARIES = YES;
				BUNDLE_LOADER = "$(TEST_HOST)";
				DEVELOPMENT_TEAM = 4GS545936X;
				INFOPLIST_FILE = thingsTodoTests/Info.plist;
				LD_RUNPATH_SEARCH_PATHS = "$(inherited) @executable_path/Frameworks @loader_path/Frameworks";
				PRODUCT_BUNDLE_IDENTIFIER = com.greenworks.thingsTodoTests;
				PRODUCT_NAME = "$(TARGET_NAME)";
				SWIFT_VERSION = 3.0;
				TEST_HOST = "$(BUILT_PRODUCTS_DIR)/thingsTodo.app/thingsTodo";
			};
			name = Debug;
		};
		A7E6C2B01ECE9C3400ED0B6E /* Release */ = {
			isa = XCBuildConfiguration;
			buildSettings = {
				ALWAYS_EMBED_SWIFT_STANDARD_LIBRARIES = YES;
				BUNDLE_LOADER = "$(TEST_HOST)";
				DEVELOPMENT_TEAM = 4GS545936X;
				INFOPLIST_FILE = thingsTodoTests/Info.plist;
				LD_RUNPATH_SEARCH_PATHS = "$(inherited) @executable_path/Frameworks @loader_path/Frameworks";
				PRODUCT_BUNDLE_IDENTIFIER = com.greenworks.thingsTodoTests;
				PRODUCT_NAME = "$(TARGET_NAME)";
				SWIFT_VERSION = 3.0;
				TEST_HOST = "$(BUILT_PRODUCTS_DIR)/thingsTodo.app/thingsTodo";
			};
			name = Release;
		};
		A7E6C2B21ECE9C3400ED0B6E /* Debug */ = {
			isa = XCBuildConfiguration;
			buildSettings = {
				ALWAYS_EMBED_SWIFT_STANDARD_LIBRARIES = YES;
				DEVELOPMENT_TEAM = 4GS545936X;
				INFOPLIST_FILE = thingsTodoUITests/Info.plist;
				LD_RUNPATH_SEARCH_PATHS = "$(inherited) @executable_path/Frameworks @loader_path/Frameworks";
				PRODUCT_BUNDLE_IDENTIFIER = com.greenworks.thingsTodoUITests;
				PRODUCT_NAME = "$(TARGET_NAME)";
				SWIFT_VERSION = 3.0;
				TEST_TARGET_NAME = thingsTodo;
			};
			name = Debug;
		};
		A7E6C2B31ECE9C3400ED0B6E /* Release */ = {
			isa = XCBuildConfiguration;
			buildSettings = {
				ALWAYS_EMBED_SWIFT_STANDARD_LIBRARIES = YES;
				DEVELOPMENT_TEAM = 4GS545936X;
				INFOPLIST_FILE = thingsTodoUITests/Info.plist;
				LD_RUNPATH_SEARCH_PATHS = "$(inherited) @executable_path/Frameworks @loader_path/Frameworks";
				PRODUCT_BUNDLE_IDENTIFIER = com.greenworks.thingsTodoUITests;
				PRODUCT_NAME = "$(TARGET_NAME)";
				SWIFT_VERSION = 3.0;
				TEST_TARGET_NAME = thingsTodo;
			};
			name = Release;
		};
/* End XCBuildConfiguration section */

/* Begin XCConfigurationList section */
		A7E6C27E1ECE9C3400ED0B6E /* Build configuration list for PBXProject "thingsTodo" */ = {
			isa = XCConfigurationList;
			buildConfigurations = (
				A7E6C2A91ECE9C3400ED0B6E /* Debug */,
				A7E6C2AA1ECE9C3400ED0B6E /* Release */,
			);
			defaultConfigurationIsVisible = 0;
			defaultConfigurationName = Release;
		};
		A7E6C2AB1ECE9C3400ED0B6E /* Build configuration list for PBXNativeTarget "thingsTodo" */ = {
			isa = XCConfigurationList;
			buildConfigurations = (
				A7E6C2AC1ECE9C3400ED0B6E /* Debug */,
				A7E6C2AD1ECE9C3400ED0B6E /* Release */,
			);
			defaultConfigurationIsVisible = 0;
		};
		A7E6C2AE1ECE9C3400ED0B6E /* Build configuration list for PBXNativeTarget "thingsTodoTests" */ = {
			isa = XCConfigurationList;
			buildConfigurations = (
				A7E6C2AF1ECE9C3400ED0B6E /* Debug */,
				A7E6C2B01ECE9C3400ED0B6E /* Release */,
			);
			defaultConfigurationIsVisible = 0;
		};
		A7E6C2B11ECE9C3400ED0B6E /* Build configuration list for PBXNativeTarget "thingsTodoUITests" */ = {
			isa = XCConfigurationList;
			buildConfigurations = (
				A7E6C2B21ECE9C3400ED0B6E /* Debug */,
				A7E6C2B31ECE9C3400ED0B6E /* Release */,
			);
			defaultConfigurationIsVisible = 0;
		};
/* End XCConfigurationList section */
	};
	rootObject = A7E6C27B1ECE9C3400ED0B6E /* Project object */;
}
